
Microsoft Visual Studio Solution File, Format Version 12.00
# Visual Studio Version 17
VisualStudioVersion = 17.7.34024.191
MinimumVisualStudioVersion = 10.0.40219.1
Project("{FAE04EC0-301F-11D3-BF4B-00C04F79EFBC}") = "task01", "task01\task01.csproj", "{6623DBF7-27BA-4C8F-B151-370C1B37973A}"
EndProject
Project("{FAE04EC0-301F-11D3-BF4B-00C04F79EFBC}") = "task02", "task02\task02.csproj", "{571A5406-A107-4D8C-9FB2-E2861BC9A313}"
EndProject
Project("{FAE04EC0-301F-11D3-BF4B-00C04F79EFBC}") = "task03", "task03\task03.csproj", "{74963191-3111-4A7E-8631-F8AF31892350}"
EndProject
Project("{FAE04EC0-301F-11D3-BF4B-00C04F79EFBC}") = "task04", "task04\task04.csproj", "{B025AA48-FC27-4D5C-BE86-544B617AC1C0}"
EndProject
Project("{FAE04EC0-301F-11D3-BF4B-00C04F79EFBC}") = "task05", "task05\task05.csproj", "{186CE392-8075-4DD2-A102-DB240E13D63F}"
EndProject
Project("{FAE04EC0-301F-11D3-BF4B-00C04F79EFBC}") = "task06", "task06\task06.csproj", "{962E8536-C277-4A1B-A0E7-CDC2B13D8D4B}"
EndProject
Global
	GlobalSection(SolutionConfigurationPlatforms) = preSolution
		Debug|Any CPU = Debug|Any CPU
		Release|Any CPU = Release|Any CPU
	EndGlobalSection
	GlobalSection(ProjectConfigurationPlatforms) = postSolution
		{6623DBF7-27BA-4C8F-B151-370C1B37973A}.Debug|Any CPU.ActiveCfg = Debug|Any CPU
		{6623DBF7-27BA-4C8F-B151-370C1B37973A}.Debug|Any CPU.Build.0 = Debug|Any CPU
		{6623DBF7-27BA-4C8F-B151-370C1B37973A}.Release|Any CPU.ActiveCfg = Release|Any CPU
		{6623DBF7-27BA-4C8F-B151-370C1B37973A}.Release|Any CPU.Build.0 = Release|Any CPU
		{571A5406-A107-4D8C-9FB2-E2861BC9A313}.Debug|Any CPU.ActiveCfg = Debug|Any CPU
		{571A5406-A107-4D8C-9FB2-E2861BC9A313}.Debug|Any CPU.Build.0 = Debug|Any CPU
		{571A5406-A107-4D8C-9FB2-E2861BC9A313}.Release|Any CPU.ActiveCfg = Release|Any CPU
		{571A5406-A107-4D8C-9FB2-E2861BC9A313}.Release|Any CPU.Build.0 = Release|Any CPU
		{74963191-3111-4A7E-8631-F8AF31892350}.Debug|Any CPU.ActiveCfg = Debug|Any CPU
		{74963191-3111-4A7E-8631-F8AF31892350}.Debug|Any CPU.Build.0 = Debug|Any CPU
		{74963191-3111-4A7E-8631-F8AF31892350}.Release|Any CPU.ActiveCfg = Release|Any CPU
		{74963191-3111-4A7E-8631-F8AF31892350}.Release|Any CPU.Build.0 = Release|Any CPU
		{B025AA48-FC27-4D5C-BE86-544B617AC1C0}.Debug|Any CPU.ActiveCfg = Debug|Any CPU
		{B025AA48-FC27-4D5C-BE86-544B617AC1C0}.Debug|Any CPU.Build.0 = Debug|Any CPU
		{B025AA48-FC27-4D5C-BE86-544B617AC1C0}.Release|Any CPU.ActiveCfg = Release|Any CPU
		{B025AA48-FC27-4D5C-BE86-544B617AC1C0}.Release|Any CPU.Build.0 = Release|Any CPU
		{186CE392-8075-4DD2-A102-DB240E13D63F}.Debug|Any CPU.ActiveCfg = Debug|Any CPU
		{186CE392-8075-4DD2-A102-DB240E13D63F}.Debug|Any CPU.Build.0 = Debug|Any CPU
		{186CE392-8075-4DD2-A102-DB240E13D63F}.Release|Any CPU.ActiveCfg = Release|Any CPU
		{186CE392-8075-4DD2-A102-DB240E13D63F}.Release|Any CPU.Build.0 = Release|Any CPU
		{962E8536-C277-4A1B-A0E7-CDC2B13D8D4B}.Debug|Any CPU.ActiveCfg = Debug|Any CPU
		{962E8536-C277-4A1B-A0E7-CDC2B13D8D4B}.Debug|Any CPU.Build.0 = Debug|Any CPU
		{962E8536-C277-4A1B-A0E7-CDC2B13D8D4B}.Release|Any CPU.ActiveCfg = Release|Any CPU
		{962E8536-C277-4A1B-A0E7-CDC2B13D8D4B}.Release|Any CPU.Build.0 = Release|Any CPU
	EndGlobalSection
	GlobalSection(SolutionProperties) = preSolution
		HideSolutionNode = FALSE
	EndGlobalSection
	GlobalSection(ExtensibilityGlobals) = postSolution
		SolutionGuid = {9447590F-3E77-4E71-BA1F-8DA6C5C1712C}
	EndGlobalSection
EndGlobal
