
Microsoft Visual Studio Solution File, Format Version 12.00
# Visual Studio Version 17
VisualStudioVersion = 17.7.34024.191
MinimumVisualStudioVersion = 10.0.40219.1
Project("{FAE04EC0-301F-11D3-BF4B-00C04F79EFBC}") = "task01", "task01\task01.csproj", "{499E9062-B57D-4395-8D49-E09599A3E6DA}"
EndProject
Project("{FAE04EC0-301F-11D3-BF4B-00C04F79EFBC}") = "task02", "task02\task02.csproj", "{1FC501AB-1432-4914-B175-50183DFBA6B2}"
EndProject
Project("{FAE04EC0-301F-11D3-BF4B-00C04F79EFBC}") = "task03", "task03\task03.csproj", "{C3B56934-971A-46A2-AFAE-F756777E748B}"
EndProject
Project("{FAE04EC0-301F-11D3-BF4B-00C04F79EFBC}") = "task04", "task04\task04.csproj", "{6F237E1B-537B-4DCA-80BF-AF92D1F11DE2}"
EndProject
Project("{FAE04EC0-301F-11D3-BF4B-00C04F79EFBC}") = "task05", "task05\task05.csproj", "{26E27A74-C269-42DE-AE85-D98A77728510}"
EndProject
Project("{FAE04EC0-301F-11D3-BF4B-00C04F79EFBC}") = "task06", "task06\task06.csproj", "{369E4E72-FBA1-41D9-9E2D-CC79EB8015A6}"
EndProject
Global
	GlobalSection(SolutionConfigurationPlatforms) = preSolution
		Debug|Any CPU = Debug|Any CPU
		Release|Any CPU = Release|Any CPU
	EndGlobalSection
	GlobalSection(ProjectConfigurationPlatforms) = postSolution
		{499E9062-B57D-4395-8D49-E09599A3E6DA}.Debug|Any CPU.ActiveCfg = Debug|Any CPU
		{499E9062-B57D-4395-8D49-E09599A3E6DA}.Debug|Any CPU.Build.0 = Debug|Any CPU
		{499E9062-B57D-4395-8D49-E09599A3E6DA}.Release|Any CPU.ActiveCfg = Release|Any CPU
		{499E9062-B57D-4395-8D49-E09599A3E6DA}.Release|Any CPU.Build.0 = Release|Any CPU
		{1FC501AB-1432-4914-B175-50183DFBA6B2}.Debug|Any CPU.ActiveCfg = Debug|Any CPU
		{1FC501AB-1432-4914-B175-50183DFBA6B2}.Debug|Any CPU.Build.0 = Debug|Any CPU
		{1FC501AB-1432-4914-B175-50183DFBA6B2}.Release|Any CPU.ActiveCfg = Release|Any CPU
		{1FC501AB-1432-4914-B175-50183DFBA6B2}.Release|Any CPU.Build.0 = Release|Any CPU
		{C3B56934-971A-46A2-AFAE-F756777E748B}.Debug|Any CPU.ActiveCfg = Debug|Any CPU
		{C3B56934-971A-46A2-AFAE-F756777E748B}.Debug|Any CPU.Build.0 = Debug|Any CPU
		{C3B56934-971A-46A2-AFAE-F756777E748B}.Release|Any CPU.ActiveCfg = Release|Any CPU
		{C3B56934-971A-46A2-AFAE-F756777E748B}.Release|Any CPU.Build.0 = Release|Any CPU
		{6F237E1B-537B-4DCA-80BF-AF92D1F11DE2}.Debug|Any CPU.ActiveCfg = Debug|Any CPU
		{6F237E1B-537B-4DCA-80BF-AF92D1F11DE2}.Debug|Any CPU.Build.0 = Debug|Any CPU
		{6F237E1B-537B-4DCA-80BF-AF92D1F11DE2}.Release|Any CPU.ActiveCfg = Release|Any CPU
		{6F237E1B-537B-4DCA-80BF-AF92D1F11DE2}.Release|Any CPU.Build.0 = Release|Any CPU
		{26E27A74-C269-42DE-AE85-D98A77728510}.Debug|Any CPU.ActiveCfg = Debug|Any CPU
		{26E27A74-C269-42DE-AE85-D98A77728510}.Debug|Any CPU.Build.0 = Debug|Any CPU
		{26E27A74-C269-42DE-AE85-D98A77728510}.Release|Any CPU.ActiveCfg = Release|Any CPU
		{26E27A74-C269-42DE-AE85-D98A77728510}.Release|Any CPU.Build.0 = Release|Any CPU
		{369E4E72-FBA1-41D9-9E2D-CC79EB8015A6}.Debug|Any CPU.ActiveCfg = Debug|Any CPU
		{369E4E72-FBA1-41D9-9E2D-CC79EB8015A6}.Debug|Any CPU.Build.0 = Debug|Any CPU
		{369E4E72-FBA1-41D9-9E2D-CC79EB8015A6}.Release|Any CPU.ActiveCfg = Release|Any CPU
		{369E4E72-FBA1-41D9-9E2D-CC79EB8015A6}.Release|Any CPU.Build.0 = Release|Any CPU
	EndGlobalSection
	GlobalSection(SolutionProperties) = preSolution
		HideSolutionNode = FALSE
	EndGlobalSection
	GlobalSection(ExtensibilityGlobals) = postSolution
		SolutionGuid = {DFA4B2FE-100A-461A-B33E-F09B75E7B04E}
	EndGlobalSection
EndGlobal
