
Microsoft Visual Studio Solution File, Format Version 12.00
# Visual Studio Version 17
VisualStudioVersion = 17.7.34024.191
MinimumVisualStudioVersion = 10.0.40219.1
Project("{FAE04EC0-301F-11D3-BF4B-00C04F79EFBC}") = "task01", "task01\task01.csproj", "{BEEC0AD4-820E-400A-80E3-92C707768737}"
EndProject
Project("{FAE04EC0-301F-11D3-BF4B-00C04F79EFBC}") = "task02", "task02\task02.csproj", "{5C13A5A8-6AB2-494D-AC50-4658DAA347E5}"
EndProject
Project("{FAE04EC0-301F-11D3-BF4B-00C04F79EFBC}") = "task03", "task03\task03.csproj", "{208A45BF-2A94-4AFA-B1F0-A4CAA72ADB1B}"
EndProject
Project("{FAE04EC0-301F-11D3-BF4B-00C04F79EFBC}") = "task04", "task04\task04.csproj", "{95C71C9D-C5F0-45FE-91B4-97965B70829A}"
EndProject
Project("{FAE04EC0-301F-11D3-BF4B-00C04F79EFBC}") = "task05", "task05\task05.csproj", "{289D8467-5AA0-44E6-89C3-CF0E19D40C15}"
EndProject
Global
	GlobalSection(SolutionConfigurationPlatforms) = preSolution
		Debug|Any CPU = Debug|Any CPU
		Release|Any CPU = Release|Any CPU
	EndGlobalSection
	GlobalSection(ProjectConfigurationPlatforms) = postSolution
		{BEEC0AD4-820E-400A-80E3-92C707768737}.Debug|Any CPU.ActiveCfg = Debug|Any CPU
		{BEEC0AD4-820E-400A-80E3-92C707768737}.Debug|Any CPU.Build.0 = Debug|Any CPU
		{BEEC0AD4-820E-400A-80E3-92C707768737}.Release|Any CPU.ActiveCfg = Release|Any CPU
		{BEEC0AD4-820E-400A-80E3-92C707768737}.Release|Any CPU.Build.0 = Release|Any CPU
		{5C13A5A8-6AB2-494D-AC50-4658DAA347E5}.Debug|Any CPU.ActiveCfg = Debug|Any CPU
		{5C13A5A8-6AB2-494D-AC50-4658DAA347E5}.Debug|Any CPU.Build.0 = Debug|Any CPU
		{5C13A5A8-6AB2-494D-AC50-4658DAA347E5}.Release|Any CPU.ActiveCfg = Release|Any CPU
		{5C13A5A8-6AB2-494D-AC50-4658DAA347E5}.Release|Any CPU.Build.0 = Release|Any CPU
		{208A45BF-2A94-4AFA-B1F0-A4CAA72ADB1B}.Debug|Any CPU.ActiveCfg = Debug|Any CPU
		{208A45BF-2A94-4AFA-B1F0-A4CAA72ADB1B}.Debug|Any CPU.Build.0 = Debug|Any CPU
		{208A45BF-2A94-4AFA-B1F0-A4CAA72ADB1B}.Release|Any CPU.ActiveCfg = Release|Any CPU
		{208A45BF-2A94-4AFA-B1F0-A4CAA72ADB1B}.Release|Any CPU.Build.0 = Release|Any CPU
		{95C71C9D-C5F0-45FE-91B4-97965B70829A}.Debug|Any CPU.ActiveCfg = Debug|Any CPU
		{95C71C9D-C5F0-45FE-91B4-97965B70829A}.Debug|Any CPU.Build.0 = Debug|Any CPU
		{95C71C9D-C5F0-45FE-91B4-97965B70829A}.Release|Any CPU.ActiveCfg = Release|Any CPU
		{95C71C9D-C5F0-45FE-91B4-97965B70829A}.Release|Any CPU.Build.0 = Release|Any CPU
		{289D8467-5AA0-44E6-89C3-CF0E19D40C15}.Debug|Any CPU.ActiveCfg = Debug|Any CPU
		{289D8467-5AA0-44E6-89C3-CF0E19D40C15}.Debug|Any CPU.Build.0 = Debug|Any CPU
		{289D8467-5AA0-44E6-89C3-CF0E19D40C15}.Release|Any CPU.ActiveCfg = Release|Any CPU
		{289D8467-5AA0-44E6-89C3-CF0E19D40C15}.Release|Any CPU.Build.0 = Release|Any CPU
	EndGlobalSection
	GlobalSection(SolutionProperties) = preSolution
		HideSolutionNode = FALSE
	EndGlobalSection
	GlobalSection(ExtensibilityGlobals) = postSolution
		SolutionGuid = {16AC16D2-D0EF-4764-922A-97E6D91E661C}
	EndGlobalSection
EndGlobal
