
Microsoft Visual Studio Solution File, Format Version 12.00
# Visual Studio Version 17
VisualStudioVersion = 17.5.002.0
MinimumVisualStudioVersion = 10.0.40219.1
Project("{9A19103F-16F7-4668-BE54-9A1E7A4F7556}") = "Task02", "Task02.csproj", "{49D4B68F-80F2-4D3F-B35D-E36CA92D57A6}"
EndProject
Global
	GlobalSection(SolutionConfigurationPlatforms) = preSolution
		Debug|Any CPU = Debug|Any CPU
		Release|Any CPU = Release|Any CPU
	EndGlobalSection
	GlobalSection(ProjectConfigurationPlatforms) = postSolution
		{49D4B68F-80F2-4D3F-B35D-E36CA92D57A6}.Debug|Any CPU.ActiveCfg = Debug|Any CPU
		{49D4B68F-80F2-4D3F-B35D-E36CA92D57A6}.Debug|Any CPU.Build.0 = Debug|Any CPU
		{49D4B68F-80F2-4D3F-B35D-E36CA92D57A6}.Release|Any CPU.ActiveCfg = Release|Any CPU
		{49D4B68F-80F2-4D3F-B35D-E36CA92D57A6}.Release|Any CPU.Build.0 = Release|Any CPU
	EndGlobalSection
	GlobalSection(SolutionProperties) = preSolution
		HideSolutionNode = FALSE
	EndGlobalSection
	GlobalSection(ExtensibilityGlobals) = postSolution
		SolutionGuid = {3D609905-EAA3-44A4-B2D2-FE732804EFC2}
	EndGlobalSection
EndGlobal
