
Microsoft Visual Studio Solution File, Format Version 12.00
# Visual Studio Version 17
VisualStudioVersion = 17.5.002.0
MinimumVisualStudioVersion = 10.0.40219.1
Project("{9A19103F-16F7-4668-BE54-9A1E7A4F7556}") = "Task06", "Task06.csproj", "{77EF7A0D-91FE-45E5-B3ED-45A56F7A6F79}"
EndProject
Global
	GlobalSection(SolutionConfigurationPlatforms) = preSolution
		Debug|Any CPU = Debug|Any CPU
		Release|Any CPU = Release|Any CPU
	EndGlobalSection
	GlobalSection(ProjectConfigurationPlatforms) = postSolution
		{77EF7A0D-91FE-45E5-B3ED-45A56F7A6F79}.Debug|Any CPU.ActiveCfg = Debug|Any CPU
		{77EF7A0D-91FE-45E5-B3ED-45A56F7A6F79}.Debug|Any CPU.Build.0 = Debug|Any CPU
		{77EF7A0D-91FE-45E5-B3ED-45A56F7A6F79}.Release|Any CPU.ActiveCfg = Release|Any CPU
		{77EF7A0D-91FE-45E5-B3ED-45A56F7A6F79}.Release|Any CPU.Build.0 = Release|Any CPU
	EndGlobalSection
	GlobalSection(SolutionProperties) = preSolution
		HideSolutionNode = FALSE
	EndGlobalSection
	GlobalSection(ExtensibilityGlobals) = postSolution
		SolutionGuid = {357519A5-CAC3-44E2-86B2-FC46E70F3F85}
	EndGlobalSection
EndGlobal
