
Microsoft Visual Studio Solution File, Format Version 12.00
# Visual Studio Version 17
VisualStudioVersion = 17.7.34024.191
MinimumVisualStudioVersion = 10.0.40219.1
Project("{FAE04EC0-301F-11D3-BF4B-00C04F79EFBC}") = "Task01", "Task01\Task01.csproj", "{8741CE68-6A05-4770-9E2D-B2F5F9E57FF5}"
EndProject
Project("{FAE04EC0-301F-11D3-BF4B-00C04F79EFBC}") = "Task02", "Task02\Task02.csproj", "{E13A5309-872C-4BDA-AC1F-0EC14D9F873F}"
EndProject
Project("{FAE04EC0-301F-11D3-BF4B-00C04F79EFBC}") = "Task03", "Task03\Task03.csproj", "{0ADF80CA-EDC7-44AB-8241-FFAD31ABF4C8}"
EndProject
Project("{FAE04EC0-301F-11D3-BF4B-00C04F79EFBC}") = "Task04", "Task04\Task04.csproj", "{59EACCAB-E6DF-450E-AAAC-2916F05BCFDD}"
EndProject
Project("{FAE04EC0-301F-11D3-BF4B-00C04F79EFBC}") = "Task05", "Task05\Task05.csproj", "{CE9DE2C8-9FCE-418A-AF0D-E55CFFAC0180}"
EndProject
Global
	GlobalSection(SolutionConfigurationPlatforms) = preSolution
		Debug|Any CPU = Debug|Any CPU
		Release|Any CPU = Release|Any CPU
	EndGlobalSection
	GlobalSection(ProjectConfigurationPlatforms) = postSolution
		{8741CE68-6A05-4770-9E2D-B2F5F9E57FF5}.Debug|Any CPU.ActiveCfg = Debug|Any CPU
		{8741CE68-6A05-4770-9E2D-B2F5F9E57FF5}.Debug|Any CPU.Build.0 = Debug|Any CPU
		{8741CE68-6A05-4770-9E2D-B2F5F9E57FF5}.Release|Any CPU.ActiveCfg = Release|Any CPU
		{8741CE68-6A05-4770-9E2D-B2F5F9E57FF5}.Release|Any CPU.Build.0 = Release|Any CPU
		{E13A5309-872C-4BDA-AC1F-0EC14D9F873F}.Debug|Any CPU.ActiveCfg = Debug|Any CPU
		{E13A5309-872C-4BDA-AC1F-0EC14D9F873F}.Debug|Any CPU.Build.0 = Debug|Any CPU
		{E13A5309-872C-4BDA-AC1F-0EC14D9F873F}.Release|Any CPU.ActiveCfg = Release|Any CPU
		{E13A5309-872C-4BDA-AC1F-0EC14D9F873F}.Release|Any CPU.Build.0 = Release|Any CPU
		{0ADF80CA-EDC7-44AB-8241-FFAD31ABF4C8}.Debug|Any CPU.ActiveCfg = Debug|Any CPU
		{0ADF80CA-EDC7-44AB-8241-FFAD31ABF4C8}.Debug|Any CPU.Build.0 = Debug|Any CPU
		{0ADF80CA-EDC7-44AB-8241-FFAD31ABF4C8}.Release|Any CPU.ActiveCfg = Release|Any CPU
		{0ADF80CA-EDC7-44AB-8241-FFAD31ABF4C8}.Release|Any CPU.Build.0 = Release|Any CPU
		{59EACCAB-E6DF-450E-AAAC-2916F05BCFDD}.Debug|Any CPU.ActiveCfg = Debug|Any CPU
		{59EACCAB-E6DF-450E-AAAC-2916F05BCFDD}.Debug|Any CPU.Build.0 = Debug|Any CPU
		{59EACCAB-E6DF-450E-AAAC-2916F05BCFDD}.Release|Any CPU.ActiveCfg = Release|Any CPU
		{59EACCAB-E6DF-450E-AAAC-2916F05BCFDD}.Release|Any CPU.Build.0 = Release|Any CPU
		{CE9DE2C8-9FCE-418A-AF0D-E55CFFAC0180}.Debug|Any CPU.ActiveCfg = Debug|Any CPU
		{CE9DE2C8-9FCE-418A-AF0D-E55CFFAC0180}.Debug|Any CPU.Build.0 = Debug|Any CPU
		{CE9DE2C8-9FCE-418A-AF0D-E55CFFAC0180}.Release|Any CPU.ActiveCfg = Release|Any CPU
		{CE9DE2C8-9FCE-418A-AF0D-E55CFFAC0180}.Release|Any CPU.Build.0 = Release|Any CPU
	EndGlobalSection
	GlobalSection(SolutionProperties) = preSolution
		HideSolutionNode = FALSE
	EndGlobalSection
	GlobalSection(ExtensibilityGlobals) = postSolution
		SolutionGuid = {471BAF95-8FD9-4B1E-90F4-20AC1314709C}
	EndGlobalSection
EndGlobal
